
Microsoft Visual Studio Solution File, Format Version 12.00
# Visual Studio 15
VisualStudioVersion = 15.0.27130.2020
MinimumVisualStudioVersion = 10.0.40219.1
Project("{FAE04EC0-301F-11D3-BF4B-00C04F79EFBC}") = "spotlightgrabber", "spotlightgrabber\spotlightgrabber.csproj", "{A600F7C1-E51E-4502-B6CA-D14C01E6C958}"
EndProject
Global
	GlobalSection(SolutionConfigurationPlatforms) = preSolution
		Debug|Any CPU = Debug|Any CPU
		Release|Any CPU = Release|Any CPU
	EndGlobalSection
	GlobalSection(ProjectConfigurationPlatforms) = postSolution
		{A600F7C1-E51E-4502-B6CA-D14C01E6C958}.Debug|Any CPU.ActiveCfg = Debug|Any CPU
		{A600F7C1-E51E-4502-B6CA-D14C01E6C958}.Debug|Any CPU.Build.0 = Debug|Any CPU
		{A600F7C1-E51E-4502-B6CA-D14C01E6C958}.Release|Any CPU.ActiveCfg = Release|Any CPU
		{A600F7C1-E51E-4502-B6CA-D14C01E6C958}.Release|Any CPU.Build.0 = Release|Any CPU
	EndGlobalSection
	GlobalSection(SolutionProperties) = preSolution
		HideSolutionNode = FALSE
	EndGlobalSection
	GlobalSection(ExtensibilityGlobals) = postSolution
		SolutionGuid = {30922FB9-E802-4C80-85B0-A59950555265}
	EndGlobalSection
EndGlobal
